
Microsoft Visual Studio Solution File, Format Version 12.00
# Visual Studio Version 17
VisualStudioVersion = 17.3.32922.545
MinimumVisualStudioVersion = 10.0.40219.1
Project("{FAE04EC0-301F-11D3-BF4B-00C04F79EFBC}") = "AndroidTestApp.Android", "AndroidTestApp\AndroidTestApp.Android\AndroidTestApp.Android.csproj", "{23241BBE-2CC8-4A23-9D88-31157C30F86D}"
EndProject
Project("{FAE04EC0-301F-11D3-BF4B-00C04F79EFBC}") = "AndroidTestApp", "AndroidTestApp\AndroidTestApp\AndroidTestApp.csproj", "{D922655F-2D32-42C4-8AB9-69612855DC42}"
EndProject
Global
	GlobalSection(SolutionConfigurationPlatforms) = preSolution
		Debug|Any CPU = Debug|Any CPU
		Release|Any CPU = Release|Any CPU
	EndGlobalSection
	GlobalSection(ProjectConfigurationPlatforms) = postSolution
		{23241BBE-2CC8-4A23-9D88-31157C30F86D}.Debug|Any CPU.ActiveCfg = Debug|Any CPU
		{23241BBE-2CC8-4A23-9D88-31157C30F86D}.Debug|Any CPU.Build.0 = Debug|Any CPU
		{23241BBE-2CC8-4A23-9D88-31157C30F86D}.Debug|Any CPU.Deploy.0 = Debug|Any CPU
		{23241BBE-2CC8-4A23-9D88-31157C30F86D}.Release|Any CPU.ActiveCfg = Release|Any CPU
		{23241BBE-2CC8-4A23-9D88-31157C30F86D}.Release|Any CPU.Build.0 = Release|Any CPU
		{23241BBE-2CC8-4A23-9D88-31157C30F86D}.Release|Any CPU.Deploy.0 = Release|Any CPU
		{D922655F-2D32-42C4-8AB9-69612855DC42}.Debug|Any CPU.ActiveCfg = Debug|Any CPU
		{D922655F-2D32-42C4-8AB9-69612855DC42}.Debug|Any CPU.Build.0 = Debug|Any CPU
		{D922655F-2D32-42C4-8AB9-69612855DC42}.Debug|Any CPU.Deploy.0 = Debug|Any CPU
		{D922655F-2D32-42C4-8AB9-69612855DC42}.Release|Any CPU.ActiveCfg = Release|Any CPU
		{D922655F-2D32-42C4-8AB9-69612855DC42}.Release|Any CPU.Build.0 = Release|Any CPU
		{D922655F-2D32-42C4-8AB9-69612855DC42}.Release|Any CPU.Deploy.0 = Release|Any CPU
	EndGlobalSection
	GlobalSection(SolutionProperties) = preSolution
		HideSolutionNode = FALSE
	EndGlobalSection
	GlobalSection(ExtensibilityGlobals) = postSolution
		SolutionGuid = {37873F1A-0594-499C-86E0-469545EDCB52}
	EndGlobalSection
EndGlobal
